hash: 2bf8a3dca7cf13ef858b67d514b939836ee23127ec599eda63eae3e36003cd02
updated: 2018-10-26T14:11:16.966199171+01:00
imports:
- name: github.com/gorilla/mux
  version: 521ea7b17d02faf8d3afea6737573942ceac59c5
- name: github.com/lib/pq
  version: 4ded0e9383f75c197b3a2aaa6d590ac52df6fd79
  subpackages:
  - oid
testImports: []
